
Microsoft Visual Studio Solution File, Format Version 10.00
# Visual Studio 2008
Project("{FAE04EC0-301F-11D3-BF4B-00C04F79EFBC}") = "InsuranceCertification", "InsuranceCertification\InsuranceCertification.csproj", "{6CF1414A-0C52-4391-8788-56EC0ECC4100}"
EndProject
Project("{2150E333-8FDC-42A3-9474-1A3956D46DE8}") = "Solution Items", "Solution Items", "{5BAD766A-5C62-4684-A94E-5BE0620F7D29}"
EndProject
Global
	GlobalSection(SolutionConfigurationPlatforms) = preSolution
		Debug|Any CPU = Debug|Any CPU
		Release|Any CPU = Release|Any CPU
	EndGlobalSection
	GlobalSection(ProjectConfigurationPlatforms) = postSolution
		{6CF1414A-0C52-4391-8788-56EC0ECC4100}.Debug|Any CPU.ActiveCfg = Debug|Any CPU
		{6CF1414A-0C52-4391-8788-56EC0ECC4100}.Debug|Any CPU.Build.0 = Debug|Any CPU
		{6CF1414A-0C52-4391-8788-56EC0ECC4100}.Release|Any CPU.ActiveCfg = Release|Any CPU
		{6CF1414A-0C52-4391-8788-56EC0ECC4100}.Release|Any CPU.Build.0 = Release|Any CPU
	EndGlobalSection
	GlobalSection(SolutionProperties) = preSolution
		HideSolutionNode = FALSE
	EndGlobalSection
EndGlobal
